{
  "name": "prisml-website",
  "version": "0.1.0",
  "lockfileVersion": 3,
  "requires": true,
  "packages": {
    "": {
      "name": "prisml-website",
      "version": "0.1.0",
      "dependencies": {
        "@astrojs/vercel": "^7.8.0",
        "@vercel/analytics": "^1.6.1",
        "@vncsleal/prisml": "^0.2.2",
        "@vncsleal/prisml-core": "^0.2.2",
        "@vncsleal/prisml-runtime": "^0.2.3",
        "astro": "^4.16.2",
        "onnxruntime-node": "^1.16.3"
      },
      "devDependencies": {
        "@astrojs/check": "^0.9.6",
        "typescript": "^5.9.3"
      }
    },
    "../../node_modules/.pnpm/@astrojs+check@0.9.6_prettier@3.8.1_typescript@5.9.3/node_modules/@astrojs/check": {
      "version": "0.9.6",
      "dev": true,
      "license": "MIT",
      "dependencies": {
        "@astrojs/language-server": "^2.16.1",
        "chokidar": "^4.0.1",
        "kleur": "^4.1.5",
        "yargs": "^17.7.2"
      },
      "bin": {
        "astro-check": "bin/astro-check.js"
      },
      "devDependencies": {
        "@types/node": "^20.9.0",
        "@types/yargs": "^17.0.33",
        "astro-scripts": "0.0.14",
        "tinyglobby": "^0.2.15",
        "tsx": "^4.20.6"
      },
      "peerDependencies": {
        "typescript": "^5.0.0"
      }
    },
    "../../node_modules/.pnpm/@astrojs+vercel@7.8.2_astro@4.16.19_@types+node@25.2.0_rollup@4.57.1_typescript@5.9.3__rollup@4.57.1/node_modules/@astrojs/vercel": {
      "version": "7.8.2",
      "license": "MIT",
      "dependencies": {
        "@astrojs/internal-helpers": "^0.4.1",
        "@vercel/analytics": "^1.3.1",
        "@vercel/edge": "^1.1.2",
        "@vercel/nft": "^0.27.4",
        "esbuild": "^0.21.5",
        "fast-glob": "^3.3.2",
        "web-vitals": "^3.5.2"
      },
      "devDependencies": {
        "@astrojs/test-utils": "0.0.1",
        "astro": "^4.15.12",
        "astro-scripts": "0.0.14",
        "cheerio": "1.0.0"
      },
      "peerDependencies": {
        "astro": "^4.2.0"
      }
    },
    "../../node_modules/.pnpm/@prisma+client@5.22.0_prisma@5.22.0/node_modules/@prisma/client": {
      "version": "5.22.0",
      "hasInstallScript": true,
      "license": "Apache-2.0",
      "devDependencies": {
        "@cloudflare/workers-types": "4.20240614.0",
        "@codspeed/benchmark.js-plugin": "3.1.1",
        "@faker-js/faker": "8.4.1",
        "@fast-check/jest": "1.8.2",
        "@inquirer/prompts": "5.0.5",
        "@jest/create-cache-key-function": "29.7.0",
        "@jest/globals": "29.7.0",
        "@jest/test-sequencer": "29.7.0",
        "@libsql/client": "0.8.0",
        "@neondatabase/serverless": "0.9.3",
        "@opentelemetry/api": "1.9.0",
        "@opentelemetry/context-async-hooks": "1.25.1",
        "@opentelemetry/instrumentation": "0.52.1",
        "@opentelemetry/resources": "1.25.1",
        "@opentelemetry/sdk-trace-base": "1.25.1",
        "@opentelemetry/semantic-conventions": "1.25.1",
        "@planetscale/database": "1.18.0",
        "@prisma/adapter-d1": "5.22.0",
        "@prisma/adapter-libsql": "5.22.0",
        "@prisma/adapter-neon": "5.22.0",
        "@prisma/adapter-pg": "5.22.0",
        "@prisma/adapter-pg-worker": "5.22.0",
        "@prisma/adapter-planetscale": "5.22.0",
        "@prisma/debug": "5.22.0",
        "@prisma/driver-adapter-utils": "5.22.0",
        "@prisma/engines": "5.22.0",
        "@prisma/engines-version": "5.22.0-44.605197351a3c8bdd595af2d2a9bc3025bca48ea2",
        "@prisma/fetch-engine": "5.22.0",
        "@prisma/generator-helper": "5.22.0",
        "@prisma/get-platform": "5.22.0",
        "@prisma/instrumentation": "5.22.0",
        "@prisma/internals": "5.22.0",
        "@prisma/migrate": "5.22.0",
        "@prisma/mini-proxy": "0.9.5",
        "@prisma/pg-worker": "5.22.0",
        "@prisma/query-engine-wasm": "5.22.0-44.605197351a3c8bdd595af2d2a9bc3025bca48ea2",
        "@snaplet/copycat": "0.17.3",
        "@swc-node/register": "1.10.9",
        "@swc/core": "1.6.13",
        "@swc/jest": "0.2.36",
        "@timsuchanek/copy": "1.4.5",
        "@types/debug": "4.1.12",
        "@types/fs-extra": "9.0.13",
        "@types/jest": "29.5.12",
        "@types/js-levenshtein": "1.1.3",
        "@types/mssql": "9.1.5",
        "@types/node": "18.19.31",
        "@types/pg": "8.11.6",
        "arg": "5.0.2",
        "benchmark": "2.1.4",
        "ci-info": "4.0.0",
        "decimal.js": "10.4.3",
        "detect-runtime": "1.0.4",
        "env-paths": "2.2.1",
        "esbuild": "0.23.0",
        "execa": "5.1.1",
        "expect-type": "0.19.0",
        "flat-map-polyfill": "0.3.8",
        "fs-extra": "11.1.1",
        "get-stream": "6.0.1",
        "globby": "11.1.0",
        "indent-string": "4.0.0",
        "jest": "29.7.0",
        "jest-extended": "4.0.2",
        "jest-junit": "16.0.0",
        "jest-serializer-ansi-escapes": "3.0.0",
        "jest-snapshot": "29.7.0",
        "js-levenshtein": "1.1.6",
        "kleur": "4.1.5",
        "klona": "2.0.6",
        "mariadb": "3.3.1",
        "memfs": "4.9.3",
        "mssql": "11.0.1",
        "new-github-issue-url": "0.2.1",
        "node-fetch": "3.3.2",
        "p-retry": "4.6.2",
        "pg": "8.11.5",
        "pkg-up": "3.1.0",
        "pluralize": "8.0.0",
        "resolve": "1.22.8",
        "rimraf": "3.0.2",
        "simple-statistics": "7.8.5",
        "sort-keys": "4.2.0",
        "source-map-support": "0.5.21",
        "sql-template-tag": "5.2.1",
        "stacktrace-parser": "0.1.10",
        "strip-ansi": "6.0.1",
        "strip-indent": "3.0.0",
        "ts-node": "10.9.2",
        "ts-pattern": "5.2.0",
        "tsd": "0.31.1",
        "typescript": "5.4.5",
        "undici": "5.28.4",
        "wrangler": "3.62.0",
        "zx": "7.2.3"
      },
      "engines": {
        "node": ">=16.13"
      },
      "peerDependencies": {
        "prisma": "*"
      },
      "peerDependenciesMeta": {
        "prisma": {
          "optional": true
        }
      }
    },
    "../../node_modules/.pnpm/@types+node@20.19.31/node_modules/@types/node": {
      "version": "20.19.31",
      "dev": true,
      "license": "MIT",
      "dependencies": {
        "undici-types": "~6.21.0"
      }
    },
    "../../node_modules/.pnpm/@types+yargs@17.0.35/node_modules/@types/yargs": {
      "version": "17.0.35",
      "dev": true,
      "license": "MIT",
      "dependencies": {
        "@types/yargs-parser": "*"
      }
    },
    "../../node_modules/.pnpm/@vercel+analytics@1.6.1/node_modules/@vercel/analytics": {
      "version": "1.6.1",
      "license": "MPL-2.0",
      "devDependencies": {
        "@swc/core": "^1.9.2",
        "@testing-library/jest-dom": "^6.6.3",
        "@testing-library/react": "^16.0.1",
        "@types/node": "^22.9.0",
        "@types/react": "^18.3.12",
        "@vercel/eslint-config": "0.0.0",
        "server-only": "^0.0.1",
        "svelte": "^5.1.10",
        "tsup": "8.3.5",
        "vitest": "^2.1.5",
        "vue": "^3.5.12",
        "vue-router": "^4.4.5"
      },
      "peerDependencies": {
        "@remix-run/react": "^2",
        "@sveltejs/kit": "^1 || ^2",
        "next": ">= 13",
        "react": "^18 || ^19 || ^19.0.0-rc",
        "svelte": ">= 4",
        "vue": "^3",
        "vue-router": "^4"
      },
      "peerDependenciesMeta": {
        "@remix-run/react": {
          "optional": true
        },
        "@sveltejs/kit": {
          "optional": true
        },
        "next": {
          "optional": true
        },
        "react": {
          "optional": true
        },
        "svelte": {
          "optional": true
        },
        "vue": {
          "optional": true
        },
        "vue-router": {
          "optional": true
        }
      }
    },
    "../../node_modules/.pnpm/astro@4.16.19_@types+node@25.2.0_rollup@4.57.1_typescript@5.9.3/node_modules/astro": {
      "version": "4.16.19",
      "license": "MIT",
      "dependencies": {
        "@astrojs/compiler": "^2.10.3",
        "@astrojs/internal-helpers": "0.4.1",
        "@astrojs/markdown-remark": "5.3.0",
        "@astrojs/telemetry": "3.1.0",
        "@babel/core": "^7.26.0",
        "@babel/plugin-transform-react-jsx": "^7.25.9",
        "@babel/types": "^7.26.0",
        "@oslojs/encoding": "^1.1.0",
        "@rollup/pluginutils": "^5.1.3",
        "@types/babel__core": "^7.20.5",
        "@types/cookie": "^0.6.0",
        "acorn": "^8.14.0",
        "aria-query": "^5.3.2",
        "axobject-query": "^4.1.0",
        "boxen": "8.0.1",
        "ci-info": "^4.1.0",
        "clsx": "^2.1.1",
        "common-ancestor-path": "^1.0.1",
        "cookie": "^0.7.2",
        "cssesc": "^3.0.0",
        "debug": "^4.3.7",
        "deterministic-object-hash": "^2.0.2",
        "devalue": "^5.1.1",
        "diff": "^5.2.0",
        "dlv": "^1.1.3",
        "dset": "^3.1.4",
        "es-module-lexer": "^1.5.4",
        "esbuild": "^0.21.5",
        "estree-walker": "^3.0.3",
        "fast-glob": "^3.3.2",
        "flattie": "^1.1.1",
        "github-slugger": "^2.0.0",
        "gray-matter": "^4.0.3",
        "html-escaper": "^3.0.3",
        "http-cache-semantics": "^4.1.1",
        "js-yaml": "^4.1.0",
        "kleur": "^4.1.5",
        "magic-string": "^0.30.14",
        "magicast": "^0.3.5",
        "micromatch": "^4.0.8",
        "mrmime": "^2.0.0",
        "neotraverse": "^0.6.18",
        "ora": "^8.1.1",
        "p-limit": "^6.1.0",
        "p-queue": "^8.0.1",
        "preferred-pm": "^4.0.0",
        "prompts": "^2.4.2",
        "rehype": "^13.0.2",
        "semver": "^7.6.3",
        "shiki": "^1.23.1",
        "tinyexec": "^0.3.1",
        "tsconfck": "^3.1.4",
        "unist-util-visit": "^5.0.0",
        "vfile": "^6.0.3",
        "vite": "^5.4.11",
        "vitefu": "^1.0.4",
        "which-pm": "^3.0.0",
        "xxhash-wasm": "^1.1.0",
        "yargs-parser": "^21.1.1",
        "zod": "^3.23.8",
        "zod-to-json-schema": "^3.23.5",
        "zod-to-ts": "^1.2.0"
      },
      "bin": {
        "astro": "astro.js"
      },
      "devDependencies": {
        "@astrojs/check": "^0.9.4",
        "@playwright/test": "^1.49.0",
        "@types/aria-query": "^5.0.4",
        "@types/common-ancestor-path": "^1.0.2",
        "@types/cssesc": "^3.0.2",
        "@types/debug": "^4.1.12",
        "@types/diff": "^5.2.3",
        "@types/dlv": "^1.1.5",
        "@types/hast": "^3.0.4",
        "@types/html-escaper": "^3.0.2",
        "@types/http-cache-semantics": "^4.0.4",
        "@types/js-yaml": "^4.0.9",
        "@types/micromatch": "^4.0.9",
        "@types/prompts": "^2.4.9",
        "@types/semver": "^7.5.8",
        "@types/yargs-parser": "^21.0.3",
        "astro-scripts": "0.0.14",
        "cheerio": "1.0.0",
        "eol": "^0.10.0",
        "execa": "^8.0.1",
        "expect-type": "^1.1.0",
        "fs-fixture": "^2.6.0",
        "mdast-util-mdx": "^3.0.0",
        "mdast-util-mdx-jsx": "^3.1.3",
        "node-mocks-http": "^1.16.1",
        "parse-srcset": "^1.0.2",
        "rehype-autolink-headings": "^7.1.0",
        "rehype-slug": "^6.0.0",
        "rehype-toc": "^3.0.2",
        "remark-code-titles": "^0.1.2",
        "rollup": "^4.27.4",
        "sass": "^1.81.0",
        "undici": "^6.21.0",
        "unified": "^11.0.5"
      },
      "engines": {
        "node": "^18.17.1 || ^20.3.0 || >=21.0.0",
        "npm": ">=9.6.5",
        "pnpm": ">=7.1.0"
      },
      "optionalDependencies": {
        "sharp": "^0.33.3"
      }
    },
    "../../node_modules/.pnpm/chalk@5.6.2/node_modules/chalk": {
      "version": "5.6.2",
      "license": "MIT",
      "devDependencies": {
        "@types/node": "^16.11.10",
        "ava": "^3.15.0",
        "c8": "^7.10.0",
        "color-convert": "^2.0.1",
        "execa": "^6.0.0",
        "log-update": "^5.0.0",
        "matcha": "^0.7.0",
        "tsd": "^0.19.0",
        "xo": "^0.57.0",
        "yoctodelay": "^2.0.0"
      },
      "engines": {
        "node": "^12.17.0 || ^14.13 || >=16.0.0"
      },
      "funding": {
        "url": "https://github.com/chalk/chalk?sponsor=1"
      }
    },
    "../../node_modules/.pnpm/dotenv@16.6.1/node_modules/dotenv": {
      "version": "16.6.1",
      "license": "BSD-2-Clause",
      "devDependencies": {
        "@types/node": "^18.11.3",
        "decache": "^4.6.2",
        "sinon": "^14.0.1",
        "standard": "^17.0.0",
        "standard-version": "^9.5.0",
        "tap": "^19.2.0",
        "typescript": "^4.8.4"
      },
      "engines": {
        "node": ">=12"
      },
      "funding": {
        "url": "https://dotenvx.com"
      }
    },
    "../../node_modules/.pnpm/onnxruntime-node@1.24.3/node_modules/onnxruntime-node": {
      "version": "1.24.3",
      "hasInstallScript": true,
      "license": "MIT",
      "os": [
        "win32",
        "darwin",
        "linux"
      ],
      "dependencies": {
        "adm-zip": "^0.5.16",
        "global-agent": "^3.0.0",
        "onnxruntime-common": "1.24.3"
      },
      "devDependencies": {
        "@types/minimist": "^1.2.2",
        "cmake-js": "^7.2.1",
        "jsonc": "^2.0.0",
        "minimist": "^1.2.8",
        "node-addon-api": "^6.0.0",
        "protobufjs": "^7.2.4"
      }
    },
    "../../node_modules/.pnpm/ora@8.2.0/node_modules/ora": {
      "version": "8.2.0",
      "license": "MIT",
      "dependencies": {
        "chalk": "^5.3.0",
        "cli-cursor": "^5.0.0",
        "cli-spinners": "^2.9.2",
        "is-interactive": "^2.0.0",
        "is-unicode-supported": "^2.0.0",
        "log-symbols": "^6.0.0",
        "stdin-discarder": "^0.2.2",
        "string-width": "^7.2.0",
        "strip-ansi": "^7.1.0"
      },
      "devDependencies": {
        "@types/node": "^22.5.0",
        "ava": "^5.3.1",
        "get-stream": "^9.0.1",
        "transform-tty": "^1.0.11",
        "tsd": "^0.31.1",
        "xo": "^0.59.3"
      },
      "engines": {
        "node": ">=18"
      },
      "funding": {
        "url": "https://github.com/sponsors/sindresorhus"
      }
    },
    "../../node_modules/.pnpm/ts-node@10.9.2_@types+node@20.19.31_typescript@5.9.3/node_modules/ts-node": {
      "version": "10.9.2",
      "license": "MIT",
      "dependencies": {
        "@cspotcode/source-map-support": "^0.8.0",
        "@tsconfig/node10": "^1.0.7",
        "@tsconfig/node12": "^1.0.7",
        "@tsconfig/node14": "^1.0.0",
        "@tsconfig/node16": "^1.0.2",
        "acorn": "^8.4.1",
        "acorn-walk": "^8.1.1",
        "arg": "^4.1.0",
        "create-require": "^1.1.0",
        "diff": "^4.0.1",
        "make-error": "^1.1.1",
        "v8-compile-cache-lib": "^3.0.1",
        "yn": "3.1.1"
      },
      "bin": {
        "ts-node": "dist/bin.js",
        "ts-node-cwd": "dist/bin-cwd.js",
        "ts-node-esm": "dist/bin-esm.js",
        "ts-node-script": "dist/bin-script.js",
        "ts-node-transpile-only": "dist/bin-transpile.js",
        "ts-script": "dist/bin-script-deprecated.js"
      },
      "devDependencies": {
        "@microsoft/api-extractor": "^7.19.4",
        "@swc/core": "^1.3.100",
        "@swc/wasm": "^1.3.100",
        "@types/diff": "^4.0.2",
        "@types/lodash": "^4.14.151",
        "@types/node": "13.13.5",
        "@types/proper-lockfile": "^4.1.2",
        "@types/proxyquire": "^1.3.28",
        "@types/react": "^16.14.19",
        "@types/rimraf": "^3.0.0",
        "@types/semver": "^7.1.0",
        "@yarnpkg/fslib": "^2.4.0",
        "ava": "^3.15.0",
        "axios": "^0.21.1",
        "dprint": "^0.25.0",
        "expect": "^27.0.2",
        "get-stream": "^6.0.0",
        "lodash": "^4.17.15",
        "ntypescript": "^1.201507091536.1",
        "nyc": "^15.0.1",
        "outdent": "^0.8.0",
        "proper-lockfile": "^4.1.2",
        "proxyquire": "^2.0.0",
        "react": "^16.14.0",
        "rimraf": "^3.0.0",
        "semver": "^7.1.3",
        "throat": "^6.0.1",
        "typedoc": "^0.22.10",
        "typescript": "4.7.4",
        "typescript-json-schema": "^0.53.0",
        "util.promisify": "^1.0.1"
      },
      "peerDependencies": {
        "@swc/core": ">=1.2.50",
        "@swc/wasm": ">=1.2.50",
        "@types/node": "*",
        "typescript": ">=2.7"
      },
      "peerDependenciesMeta": {
        "@swc/core": {
          "optional": true
        },
        "@swc/wasm": {
          "optional": true
        }
      }
    },
    "../../node_modules/.pnpm/typescript@5.9.3/node_modules/typescript": {
      "version": "5.9.3",
      "dev": true,
      "license": "Apache-2.0",
      "bin": {
        "tsc": "bin/tsc",
        "tsserver": "bin/tsserver"
      },
      "devDependencies": {
        "@dprint/formatter": "^0.4.1",
        "@dprint/typescript": "0.93.4",
        "@esfx/canceltoken": "^1.0.0",
        "@eslint/js": "^9.20.0",
        "@octokit/rest": "^21.1.1",
        "@types/chai": "^4.3.20",
        "@types/diff": "^7.0.1",
        "@types/minimist": "^1.2.5",
        "@types/mocha": "^10.0.10",
        "@types/ms": "^0.7.34",
        "@types/node": "latest",
        "@types/source-map-support": "^0.5.10",
        "@types/which": "^3.0.4",
        "@typescript-eslint/rule-tester": "^8.24.1",
        "@typescript-eslint/type-utils": "^8.24.1",
        "@typescript-eslint/utils": "^8.24.1",
        "azure-devops-node-api": "^14.1.0",
        "c8": "^10.1.3",
        "chai": "^4.5.0",
        "chokidar": "^4.0.3",
        "diff": "^7.0.0",
        "dprint": "^0.49.0",
        "esbuild": "^0.25.0",
        "eslint": "^9.20.1",
        "eslint-formatter-autolinkable-stylish": "^1.4.0",
        "eslint-plugin-regexp": "^2.7.0",
        "fast-xml-parser": "^4.5.2",
        "glob": "^10.4.5",
        "globals": "^15.15.0",
        "hereby": "^1.10.0",
        "jsonc-parser": "^3.3.1",
        "knip": "^5.44.4",
        "minimist": "^1.2.8",
        "mocha": "^10.8.2",
        "mocha-fivemat-progress-reporter": "^0.1.0",
        "monocart-coverage-reports": "^2.12.1",
        "ms": "^2.1.3",
        "picocolors": "^1.1.1",
        "playwright": "^1.50.1",
        "source-map-support": "^0.5.21",
        "tslib": "^2.8.1",
        "typescript": "^5.7.3",
        "typescript-eslint": "^8.24.1",
        "which": "^3.0.1"
      },
      "engines": {
        "node": ">=14.17"
      }
    },
    "../../node_modules/.pnpm/vitest@1.6.1_@types+node@20.19.31/node_modules/vitest": {
      "version": "1.6.1",
      "dev": true,
      "license": "MIT",
      "dependencies": {
        "@vitest/expect": "1.6.1",
        "@vitest/runner": "1.6.1",
        "@vitest/snapshot": "1.6.1",
        "@vitest/spy": "1.6.1",
        "@vitest/utils": "1.6.1",
        "acorn-walk": "^8.3.2",
        "chai": "^4.3.10",
        "debug": "^4.3.4",
        "execa": "^8.0.1",
        "local-pkg": "^0.5.0",
        "magic-string": "^0.30.5",
        "pathe": "^1.1.1",
        "picocolors": "^1.0.0",
        "std-env": "^3.5.0",
        "strip-literal": "^2.0.0",
        "tinybench": "^2.5.1",
        "tinypool": "^0.8.3",
        "vite": "^5.0.0",
        "vite-node": "1.6.1",
        "why-is-node-running": "^2.2.2"
      },
      "bin": {
        "vitest": "vitest.mjs"
      },
      "devDependencies": {
        "@ampproject/remapping": "^2.2.1",
        "@antfu/install-pkg": "^0.3.1",
        "@edge-runtime/vm": "^3.1.8",
        "@sinonjs/fake-timers": "11.1.0",
        "@types/estree": "^1.0.5",
        "@types/istanbul-lib-coverage": "^2.0.6",
        "@types/istanbul-reports": "^3.0.4",
        "@types/jsdom": "^21.1.6",
        "@types/micromatch": "^4.0.6",
        "@types/node": "^20.11.5",
        "@types/prompts": "^2.4.9",
        "@types/sinonjs__fake-timers": "^8.1.5",
        "birpc": "0.2.15",
        "cac": "^6.7.14",
        "chai-subset": "^1.6.0",
        "cli-truncate": "^4.0.0",
        "expect-type": "^0.17.3",
        "fast-glob": "^3.3.2",
        "find-up": "^6.3.0",
        "flatted": "^3.2.9",
        "get-tsconfig": "^4.7.3",
        "happy-dom": "^14.3.10",
        "jsdom": "^24.0.0",
        "log-update": "^5.0.1",
        "micromatch": "^4.0.5",
        "p-limit": "^5.0.0",
        "pretty-format": "^29.7.0",
        "prompts": "^2.4.2",
        "strip-ansi": "^7.1.0",
        "ws": "^8.14.2"
      },
      "engines": {
        "node": "^18.0.0 || >=20.0.0"
      },
      "funding": {
        "url": "https://opencollective.com/vitest"
      },
      "peerDependencies": {
        "@edge-runtime/vm": "*",
        "@types/node": "^18.0.0 || >=20.0.0",
        "@vitest/browser": "1.6.1",
        "@vitest/ui": "1.6.1",
        "happy-dom": "*",
        "jsdom": "*"
      },
      "peerDependenciesMeta": {
        "@edge-runtime/vm": {
          "optional": true
        },
        "@types/node": {
          "optional": true
        },
        "@vitest/browser": {
          "optional": true
        },
        "@vitest/ui": {
          "optional": true
        },
        "happy-dom": {
          "optional": true
        },
        "jsdom": {
          "optional": true
        }
      }
    },
    "../../node_modules/.pnpm/yargs@17.7.2/node_modules/yargs": {
      "version": "17.7.2",
      "license": "MIT",
      "dependencies": {
        "cliui": "^8.0.1",
        "escalade": "^3.1.1",
        "get-caller-file": "^2.0.5",
        "require-directory": "^2.1.1",
        "string-width": "^4.2.3",
        "y18n": "^5.0.5",
        "yargs-parser": "^21.1.1"
      },
      "devDependencies": {
        "@types/chai": "^4.2.11",
        "@types/mocha": "^9.0.0",
        "@types/node": "^18.0.0",
        "c8": "^7.7.0",
        "chai": "^4.2.0",
        "chalk": "^4.0.0",
        "coveralls": "^3.0.9",
        "cpr": "^3.0.1",
        "cross-env": "^7.0.2",
        "cross-spawn": "^7.0.0",
        "eslint": "^7.23.0",
        "gts": "^3.0.0",
        "hashish": "0.0.4",
        "mocha": "^9.0.0",
        "rimraf": "^3.0.2",
        "rollup": "^2.23.0",
        "rollup-plugin-cleanup": "^3.1.1",
        "rollup-plugin-terser": "^7.0.2",
        "rollup-plugin-ts": "^2.0.4",
        "typescript": "^4.0.2",
        "which": "^2.0.0",
        "yargs-test-extends": "^1.0.1"
      },
      "engines": {
        "node": ">=12"
      }
    },
    "../../packages/cli": {
      "name": "@vncsleal/prisml-cli",
      "version": "0.2.2",
      "license": "MIT",
      "dependencies": {
        "@prisma/client": "^5.7.0",
        "@vncsleal/prisml-core": "workspace:*",
        "chalk": "^5.3.0",
        "dotenv": "^16.3.1",
        "ora": "^8.0.1",
        "ts-node": "^10.9.2",
        "yargs": "^17.7.2"
      },
      "bin": {
        "prisml": "dist/bin.js"
      },
      "devDependencies": {
        "@types/node": "^20.10.6",
        "@types/yargs": "^17.0.31",
        "typescript": "^5.3.3"
      }
    },
    "../../packages/cli/node_modules/@prisma/client": {
      "resolved": "../../node_modules/.pnpm/@prisma+client@5.22.0_prisma@5.22.0/node_modules/@prisma/client",
      "link": true
    },
    "../../packages/cli/node_modules/@types/node": {
      "resolved": "../../node_modules/.pnpm/@types+node@20.19.31/node_modules/@types/node",
      "link": true
    },
    "../../packages/cli/node_modules/@types/yargs": {
      "resolved": "../../node_modules/.pnpm/@types+yargs@17.0.35/node_modules/@types/yargs",
      "link": true
    },
    "../../packages/cli/node_modules/@vncsleal/prisml-core": {
      "resolved": "../../packages/core",
      "link": true
    },
    "../../packages/cli/node_modules/chalk": {
      "resolved": "../../node_modules/.pnpm/chalk@5.6.2/node_modules/chalk",
      "link": true
    },
    "../../packages/cli/node_modules/dotenv": {
      "resolved": "../../node_modules/.pnpm/dotenv@16.6.1/node_modules/dotenv",
      "link": true
    },
    "../../packages/cli/node_modules/ora": {
      "resolved": "../../node_modules/.pnpm/ora@8.2.0/node_modules/ora",
      "link": true
    },
    "../../packages/cli/node_modules/ts-node": {
      "resolved": "../../node_modules/.pnpm/ts-node@10.9.2_@types+node@20.19.31_typescript@5.9.3/node_modules/ts-node",
      "link": true
    },
    "../../packages/cli/node_modules/typescript": {
      "resolved": "../../node_modules/.pnpm/typescript@5.9.3/node_modules/typescript",
      "link": true
    },
    "../../packages/cli/node_modules/yargs": {
      "resolved": "../../node_modules/.pnpm/yargs@17.7.2/node_modules/yargs",
      "link": true
    },
    "../../packages/core": {
      "name": "@vncsleal/prisml-core",
      "version": "0.2.2",
      "license": "MIT",
      "dependencies": {
        "@prisma/client": "^5.7.0"
      },
      "devDependencies": {
        "@types/node": "^20.10.6",
        "typescript": "^5.3.3",
        "vitest": "^1.0.4"
      }
    },
    "../../packages/core/node_modules/@prisma/client": {
      "resolved": "../../node_modules/.pnpm/@prisma+client@5.22.0_prisma@5.22.0/node_modules/@prisma/client",
      "link": true
    },
    "../../packages/core/node_modules/@types/node": {
      "resolved": "../../node_modules/.pnpm/@types+node@20.19.31/node_modules/@types/node",
      "link": true
    },
    "../../packages/core/node_modules/typescript": {
      "resolved": "../../node_modules/.pnpm/typescript@5.9.3/node_modules/typescript",
      "link": true
    },
    "../../packages/core/node_modules/vitest": {
      "resolved": "../../node_modules/.pnpm/vitest@1.6.1_@types+node@20.19.31/node_modules/vitest",
      "link": true
    },
    "../../packages/prisml": {
      "name": "@vncsleal/prisml",
      "version": "0.2.2",
      "license": "MIT",
      "dependencies": {
        "@vncsleal/prisml-cli": "workspace:*",
        "@vncsleal/prisml-core": "workspace:*",
        "@vncsleal/prisml-runtime": "workspace:*"
      },
      "bin": {
        "prisml": "dist/bin.js"
      },
      "devDependencies": {
        "@types/node": "^20.10.6",
        "typescript": "^5.3.3"
      }
    },
    "../../packages/prisml/node_modules/@types/node": {
      "resolved": "../../node_modules/.pnpm/@types+node@20.19.31/node_modules/@types/node",
      "link": true
    },
    "../../packages/prisml/node_modules/@vncsleal/prisml-cli": {
      "resolved": "../../packages/cli",
      "link": true
    },
    "../../packages/prisml/node_modules/@vncsleal/prisml-core": {
      "resolved": "../../packages/core",
      "link": true
    },
    "../../packages/prisml/node_modules/@vncsleal/prisml-runtime": {
      "resolved": "../../packages/runtime",
      "link": true
    },
    "../../packages/prisml/node_modules/typescript": {
      "resolved": "../../node_modules/.pnpm/typescript@5.9.3/node_modules/typescript",
      "link": true
    },
    "../../packages/runtime": {
      "name": "@vncsleal/prisml-runtime",
      "version": "0.2.3",
      "license": "MIT",
      "dependencies": {
        "@vncsleal/prisml-core": "workspace:*"
      },
      "devDependencies": {
        "@types/node": "^20.10.6",
        "typescript": "^5.3.3",
        "vitest": "^1.0.4"
      },
      "peerDependencies": {
        "onnxruntime-node": "^1.16.3"
      },
      "peerDependenciesMeta": {
        "onnxruntime-node": {
          "optional": false
        }
      }
    },
    "../../packages/runtime/node_modules/@types/node": {
      "resolved": "../../node_modules/.pnpm/@types+node@20.19.31/node_modules/@types/node",
      "link": true
    },
    "../../packages/runtime/node_modules/@vncsleal/prisml-core": {
      "resolved": "../../packages/core",
      "link": true
    },
    "../../packages/runtime/node_modules/onnxruntime-node": {
      "resolved": "../../node_modules/.pnpm/onnxruntime-node@1.24.3/node_modules/onnxruntime-node",
      "link": true
    },
    "../../packages/runtime/node_modules/typescript": {
      "resolved": "../../node_modules/.pnpm/typescript@5.9.3/node_modules/typescript",
      "link": true
    },
    "../../packages/runtime/node_modules/vitest": {
      "resolved": "../../node_modules/.pnpm/vitest@1.6.1_@types+node@20.19.31/node_modules/vitest",
      "link": true
    },
    "node_modules/@astrojs/check": {
      "resolved": "../../node_modules/.pnpm/@astrojs+check@0.9.6_prettier@3.8.1_typescript@5.9.3/node_modules/@astrojs/check",
      "link": true
    },
    "node_modules/@astrojs/vercel": {
      "resolved": "../../node_modules/.pnpm/@astrojs+vercel@7.8.2_astro@4.16.19_@types+node@25.2.0_rollup@4.57.1_typescript@5.9.3__rollup@4.57.1/node_modules/@astrojs/vercel",
      "link": true
    },
    "node_modules/@vercel/analytics": {
      "resolved": "../../node_modules/.pnpm/@vercel+analytics@1.6.1/node_modules/@vercel/analytics",
      "link": true
    },
    "node_modules/@vncsleal/prisml": {
      "resolved": "../../packages/prisml",
      "link": true
    },
    "node_modules/@vncsleal/prisml-core": {
      "resolved": "../../packages/core",
      "link": true
    },
    "node_modules/@vncsleal/prisml-runtime": {
      "resolved": "../../packages/runtime",
      "link": true
    },
    "node_modules/adm-zip": {
      "version": "0.5.16",
      "resolved": "https://registry.npmjs.org/adm-zip/-/adm-zip-0.5.16.tgz",
      "integrity": "sha512-TGw5yVi4saajsSEgz25grObGHEUaDrniwvA2qwSC060KfqGPdglhvPMA2lPIoxs3PQIItj2iag35fONcQqgUaQ==",
      "license": "MIT",
      "engines": {
        "node": ">=12.0"
      }
    },
    "node_modules/astro": {
      "resolved": "../../node_modules/.pnpm/astro@4.16.19_@types+node@25.2.0_rollup@4.57.1_typescript@5.9.3/node_modules/astro",
      "link": true
    },
    "node_modules/boolean": {
      "version": "3.2.0",
      "resolved": "https://registry.npmjs.org/boolean/-/boolean-3.2.0.tgz",
      "integrity": "sha512-d0II/GO9uf9lfUHH2BQsjxzRJZBdsjgsBiW4BvhWk/3qoKwQFjIDVN19PfX8F2D/r9PCMTtLWjYVCFrpeYUzsw==",
      "deprecated": "Package no longer supported. Contact Support at https://www.npmjs.com/support for more info.",
      "license": "MIT"
    },
    "node_modules/define-data-property": {
      "version": "1.1.4",
      "resolved": "https://registry.npmjs.org/define-data-property/-/define-data-property-1.1.4.tgz",
      "integrity": "sha512-rBMvIzlpA8v6E+SJZoo++HAYqsLrkg7MSfIinMPFhmkorw7X+dOXVJQs+QT69zGkzMyfDnIMN2Wid1+NbL3T+A==",
      "license": "MIT",
      "dependencies": {
        "es-define-property": "^1.0.0",
        "es-errors": "^1.3.0",
        "gopd": "^1.0.1"
      },
      "engines": {
        "node": ">= 0.4"
      },
      "funding": {
        "url": "https://github.com/sponsors/ljharb"
      }
    },
    "node_modules/define-properties": {
      "version": "1.2.1",
      "resolved": "https://registry.npmjs.org/define-properties/-/define-properties-1.2.1.tgz",
      "integrity": "sha512-8QmQKqEASLd5nx0U1B1okLElbUuuttJ/AnYmRXbbbGDWh6uS208EjD4Xqq/I9wK7u0v6O08XhTWnt5XtEbR6Dg==",
      "license": "MIT",
      "dependencies": {
        "define-data-property": "^1.0.1",
        "has-property-descriptors": "^1.0.0",
        "object-keys": "^1.1.1"
      },
      "engines": {
        "node": ">= 0.4"
      },
      "funding": {
        "url": "https://github.com/sponsors/ljharb"
      }
    },
    "node_modules/detect-node": {
      "version": "2.1.0",
      "resolved": "https://registry.npmjs.org/detect-node/-/detect-node-2.1.0.tgz",
      "integrity": "sha512-T0NIuQpnTvFDATNuHN5roPwSBG83rFsuO+MXXH9/3N1eFbn4wcPjttvjMLEPWJ0RGUYgQE7cGgS3tNxbqCGM7g==",
      "license": "MIT"
    },
    "node_modules/es-define-property": {
      "version": "1.0.1",
      "resolved": "https://registry.npmjs.org/es-define-property/-/es-define-property-1.0.1.tgz",
      "integrity": "sha512-e3nRfgfUZ4rNGL232gUgX06QNyyez04KdjFrF+LTRoOXmrOgFKDg4BCdsjW8EnT69eqdYGmRpJwiPVYNrCaW3g==",
      "license": "MIT",
      "engines": {
        "node": ">= 0.4"
      }
    },
    "node_modules/es-errors": {
      "version": "1.3.0",
      "resolved": "https://registry.npmjs.org/es-errors/-/es-errors-1.3.0.tgz",
      "integrity": "sha512-Zf5H2Kxt2xjTvbJvP2ZWLEICxA6j+hAmMzIlypy4xcBg1vKVnx89Wy0GbS+kf5cwCVFFzdCFh2XSCFNULS6csw==",
      "license": "MIT",
      "engines": {
        "node": ">= 0.4"
      }
    },
    "node_modules/es6-error": {
      "version": "4.1.1",
      "resolved": "https://registry.npmjs.org/es6-error/-/es6-error-4.1.1.tgz",
      "integrity": "sha512-Um/+FxMr9CISWh0bi5Zv0iOD+4cFh5qLeks1qhAopKVAJw3drgKbKySikp7wGhDL0HPeaja0P5ULZrxLkniUVg==",
      "license": "MIT"
    },
    "node_modules/escape-string-regexp": {
      "version": "4.0.0",
      "resolved": "https://registry.npmjs.org/escape-string-regexp/-/escape-string-regexp-4.0.0.tgz",
      "integrity": "sha512-TtpcNJ3XAzx3Gq8sWRzJaVajRs0uVxA2YAkdb1jm2YkPz4G6egUFAyA3n5vtEIZefPk5Wa4UXbKuS5fKkJWdgA==",
      "license": "MIT",
      "engines": {
        "node": ">=10"
      },
      "funding": {
        "url": "https://github.com/sponsors/sindresorhus"
      }
    },
    "node_modules/global-agent": {
      "version": "3.0.0",
      "resolved": "https://registry.npmjs.org/global-agent/-/global-agent-3.0.0.tgz",
      "integrity": "sha512-PT6XReJ+D07JvGoxQMkT6qji/jVNfX/h364XHZOWeRzy64sSFr+xJ5OX7LI3b4MPQzdL4H8Y8M0xzPpsVMwA8Q==",
      "license": "BSD-3-Clause",
      "dependencies": {
        "boolean": "^3.0.1",
        "es6-error": "^4.1.1",
        "matcher": "^3.0.0",
        "roarr": "^2.15.3",
        "semver": "^7.3.2",
        "serialize-error": "^7.0.1"
      },
      "engines": {
        "node": ">=10.0"
      }
    },
    "node_modules/globalthis": {
      "version": "1.0.4",
      "resolved": "https://registry.npmjs.org/globalthis/-/globalthis-1.0.4.tgz",
      "integrity": "sha512-DpLKbNU4WylpxJykQujfCcwYWiV/Jhm50Goo0wrVILAv5jOr9d+H+UR3PhSCD2rCCEIg0uc+G+muBTwD54JhDQ==",
      "license": "MIT",
      "dependencies": {
        "define-properties": "^1.2.1",
        "gopd": "^1.0.1"
      },
      "engines": {
        "node": ">= 0.4"
      },
      "funding": {
        "url": "https://github.com/sponsors/ljharb"
      }
    },
    "node_modules/gopd": {
      "version": "1.2.0",
      "resolved": "https://registry.npmjs.org/gopd/-/gopd-1.2.0.tgz",
      "integrity": "sha512-ZUKRh6/kUFoAiTAtTYPZJ3hw9wNxx+BIBOijnlG9PnrJsCcSjs1wyyD6vJpaYtgnzDrKYRSqf3OO6Rfa93xsRg==",
      "license": "MIT",
      "engines": {
        "node": ">= 0.4"
      },
      "funding": {
        "url": "https://github.com/sponsors/ljharb"
      }
    },
    "node_modules/has-property-descriptors": {
      "version": "1.0.2",
      "resolved": "https://registry.npmjs.org/has-property-descriptors/-/has-property-descriptors-1.0.2.tgz",
      "integrity": "sha512-55JNKuIW+vq4Ke1BjOTjM2YctQIvCT7GFzHwmfZPGo5wnrgkid0YQtnAleFSqumZm4az3n2BS+erby5ipJdgrg==",
      "license": "MIT",
      "dependencies": {
        "es-define-property": "^1.0.0"
      },
      "funding": {
        "url": "https://github.com/sponsors/ljharb"
      }
    },
    "node_modules/json-stringify-safe": {
      "version": "5.0.1",
      "resolved": "https://registry.npmjs.org/json-stringify-safe/-/json-stringify-safe-5.0.1.tgz",
      "integrity": "sha512-ZClg6AaYvamvYEE82d3Iyd3vSSIjQ+odgjaTzRuO3s7toCdFKczob2i0zCh7JE8kWn17yvAWhUVxvqGwUalsRA==",
      "license": "ISC"
    },
    "node_modules/matcher": {
      "version": "3.0.0",
      "resolved": "https://registry.npmjs.org/matcher/-/matcher-3.0.0.tgz",
      "integrity": "sha512-OkeDaAZ/bQCxeFAozM55PKcKU0yJMPGifLwV4Qgjitu+5MoAfSQN4lsLJeXZ1b8w0x+/Emda6MZgXS1jvsapng==",
      "license": "MIT",
      "dependencies": {
        "escape-string-regexp": "^4.0.0"
      },
      "engines": {
        "node": ">=10"
      }
    },
    "node_modules/object-keys": {
      "version": "1.1.1",
      "resolved": "https://registry.npmjs.org/object-keys/-/object-keys-1.1.1.tgz",
      "integrity": "sha512-NuAESUOUMrlIXOfHKzD6bpPu3tYt3xvjNdRIQ+FeT0lNb4K8WR70CaDxhuNguS2XG+GjkyMwOzsN5ZktImfhLA==",
      "license": "MIT",
      "engines": {
        "node": ">= 0.4"
      }
    },
    "node_modules/onnxruntime-common": {
      "version": "1.24.3",
      "resolved": "https://registry.npmjs.org/onnxruntime-common/-/onnxruntime-common-1.24.3.tgz",
      "integrity": "sha512-GeuPZO6U/LBJXvwdaqHbuUmoXiEdeCjWi/EG7Y1HNnDwJYuk6WUbNXpF6luSUY8yASul3cmUlLGrCCL1ZgVXqA==",
      "license": "MIT"
    },
    "node_modules/onnxruntime-node": {
      "version": "1.24.3",
      "resolved": "https://registry.npmjs.org/onnxruntime-node/-/onnxruntime-node-1.24.3.tgz",
      "integrity": "sha512-JH7+czbc8ALA819vlTgcV+Q214/+VjGeBHDjX81+ZCD0PCVCIFGFNtT0V4sXG/1JXypKPgScQcB3ij/hk3YnTg==",
      "hasInstallScript": true,
      "license": "MIT",
      "os": [
        "win32",
        "darwin",
        "linux"
      ],
      "dependencies": {
        "adm-zip": "^0.5.16",
        "global-agent": "^3.0.0",
        "onnxruntime-common": "1.24.3"
      }
    },
    "node_modules/roarr": {
      "version": "2.15.4",
      "resolved": "https://registry.npmjs.org/roarr/-/roarr-2.15.4.tgz",
      "integrity": "sha512-CHhPh+UNHD2GTXNYhPWLnU8ONHdI+5DI+4EYIAOaiD63rHeYlZvyh8P+in5999TTSFgUYuKUAjzRI4mdh/p+2A==",
      "license": "BSD-3-Clause",
      "dependencies": {
        "boolean": "^3.0.1",
        "detect-node": "^2.0.4",
        "globalthis": "^1.0.1",
        "json-stringify-safe": "^5.0.1",
        "semver-compare": "^1.0.0",
        "sprintf-js": "^1.1.2"
      },
      "engines": {
        "node": ">=8.0"
      }
    },
    "node_modules/semver": {
      "version": "7.7.4",
      "resolved": "https://registry.npmjs.org/semver/-/semver-7.7.4.tgz",
      "integrity": "sha512-vFKC2IEtQnVhpT78h1Yp8wzwrf8CM+MzKMHGJZfBtzhZNycRFnXsHk6E5TxIkkMsgNS7mdX3AGB7x2QM2di4lA==",
      "license": "ISC",
      "bin": {
        "semver": "bin/semver.js"
      },
      "engines": {
        "node": ">=10"
      }
    },
    "node_modules/semver-compare": {
      "version": "1.0.0",
      "resolved": "https://registry.npmjs.org/semver-compare/-/semver-compare-1.0.0.tgz",
      "integrity": "sha512-YM3/ITh2MJ5MtzaM429anh+x2jiLVjqILF4m4oyQB18W7Ggea7BfqdH/wGMK7dDiMghv/6WG7znWMwUDzJiXow==",
      "license": "MIT"
    },
    "node_modules/serialize-error": {
      "version": "7.0.1",
      "resolved": "https://registry.npmjs.org/serialize-error/-/serialize-error-7.0.1.tgz",
      "integrity": "sha512-8I8TjW5KMOKsZQTvoxjuSIa7foAwPWGOts+6o7sgjz41/qMD9VQHEDxi6PBvK2l0MXUmqZyNpUK+T2tQaaElvw==",
      "license": "MIT",
      "dependencies": {
        "type-fest": "^0.13.1"
      },
      "engines": {
        "node": ">=10"
      },
      "funding": {
        "url": "https://github.com/sponsors/sindresorhus"
      }
    },
    "node_modules/sprintf-js": {
      "version": "1.1.3",
      "resolved": "https://registry.npmjs.org/sprintf-js/-/sprintf-js-1.1.3.tgz",
      "integrity": "sha512-Oo+0REFV59/rz3gfJNKQiBlwfHaSESl1pcGyABQsnnIfWOFt6JNj5gCog2U6MLZ//IGYD+nA8nI+mTShREReaA==",
      "license": "BSD-3-Clause"
    },
    "node_modules/type-fest": {
      "version": "0.13.1",
      "resolved": "https://registry.npmjs.org/type-fest/-/type-fest-0.13.1.tgz",
      "integrity": "sha512-34R7HTnG0XIJcBSn5XhDd7nNFPRcXYRZrBB2O2jdKqYODldSzBAqzsWoZYYvduky73toYS/ESqxPvkDf/F0XMg==",
      "license": "(MIT OR CC0-1.0)",
      "engines": {
        "node": ">=10"
      },
      "funding": {
        "url": "https://github.com/sponsors/sindresorhus"
      }
    },
    "node_modules/typescript": {
      "resolved": "../../node_modules/.pnpm/typescript@5.9.3/node_modules/typescript",
      "link": true
    }
  }
}
